
Microsoft Visual Studio Solution File, Format Version 12.00
# Visual Studio Version 17
VisualStudioVersion = 17.8.34511.84
MinimumVisualStudioVersion = 10.0.40219.1
Project("{FAE04EC0-301F-11D3-BF4B-00C04F79EFBC}") = "Using-SQLDataAdapter-DataSet", "Using-SQLDataAdapter-DataSet.csproj", "{D51DCC5B-99D1-4750-B2E4-6986C8FE1136}"
EndProject
Global
	GlobalSection(SolutionConfigurationPlatforms) = preSolution
		Debug|Any CPU = Debug|Any CPU
		Release|Any CPU = Release|Any CPU
	EndGlobalSection
	GlobalSection(ProjectConfigurationPlatforms) = postSolution
		{D51DCC5B-99D1-4750-B2E4-6986C8FE1136}.Debug|Any CPU.ActiveCfg = Debug|Any CPU
		{D51DCC5B-99D1-4750-B2E4-6986C8FE1136}.Debug|Any CPU.Build.0 = Debug|Any CPU
		{D51DCC5B-99D1-4750-B2E4-6986C8FE1136}.Release|Any CPU.ActiveCfg = Release|Any CPU
		{D51DCC5B-99D1-4750-B2E4-6986C8FE1136}.Release|Any CPU.Build.0 = Release|Any CPU
	EndGlobalSection
	GlobalSection(SolutionProperties) = preSolution
		HideSolutionNode = FALSE
	EndGlobalSection
	GlobalSection(ExtensibilityGlobals) = postSolution
		SolutionGuid = {2F8F5809-9AEA-4A9D-A916-0E45A1190702}
	EndGlobalSection
EndGlobal
